{
  "name": "@astronautlabs/rtmp",
  "version": "0.0.1",
  "lockfileVersion": 2,
  "requires": true,
  "packages": {
    "": {
      "name": "@astronautlabs/rtmp",
      "version": "0.0.1",
      "license": "MIT",
      "dependencies": {
        "@astronautlabs/amf": "^0.0.1",
        "@astronautlabs/bitstream": "^3.0.3",
        "@types/node": "^17.0.10",
        "rxjs": "^7.5.2"
      }
    },
    "node_modules/@astronautlabs/amf": {
      "version": "0.0.1",
      "resolved": "https://registry.npmjs.org/@astronautlabs/amf/-/amf-0.0.1.tgz",
      "integrity": "sha512-jYlLWmAubrCi8SNDoK3hiMnneuK1x5avBKvP4XhUagur2EhX6FAJrzU7znGaUBUZuybfRUesKKMVRiIBpDLt2Q==",
      "dependencies": {
        "@astronautlabs/bitstream": "^3.0.3"
      }
    },
    "node_modules/@astronautlabs/bitstream": {
      "version": "3.0.3",
      "resolved": "https://registry.npmjs.org/@astronautlabs/bitstream/-/bitstream-3.0.3.tgz",
      "integrity": "sha512-EhkaR8zrEdhOaGWlkOcIVOitBKQpqYO54DchC8DRHJcldTy7jpMwXBFgnmJMQExUpmRGGhmJJCczv+hwFuT+yw=="
    },
    "node_modules/@types/node": {
      "version": "17.0.10",
      "resolved": "https://registry.npmjs.org/@types/node/-/node-17.0.10.tgz",
      "integrity": "sha512-S/3xB4KzyFxYGCppyDt68yzBU9ysL88lSdIah4D6cptdcltc4NCPCAMc0+PCpg/lLIyC7IPvj2Z52OJWeIUkog=="
    },
    "node_modules/rxjs": {
      "version": "7.5.2",
      "resolved": "https://registry.npmjs.org/rxjs/-/rxjs-7.5.2.tgz",
      "integrity": "sha512-PwDt186XaL3QN5qXj/H9DGyHhP3/RYYgZZwqBv9Tv8rsAaiwFH1IsJJlcgD37J7UW5a6O67qX0KWKS3/pu0m4w==",
      "dependencies": {
        "tslib": "^2.1.0"
      }
    },
    "node_modules/tslib": {
      "version": "2.3.1",
      "resolved": "https://registry.npmjs.org/tslib/-/tslib-2.3.1.tgz",
      "integrity": "sha512-77EbyPPpMz+FRFRuAFlWMtmgUWGe9UOG2Z25NqCwiIjRhOf5iKGuzSe5P2w1laq+FkRy4p+PCuVkJSGkzTEKVw=="
    }
  },
  "dependencies": {
    "@astronautlabs/amf": {
      "version": "0.0.1",
      "resolved": "https://registry.npmjs.org/@astronautlabs/amf/-/amf-0.0.1.tgz",
      "integrity": "sha512-jYlLWmAubrCi8SNDoK3hiMnneuK1x5avBKvP4XhUagur2EhX6FAJrzU7znGaUBUZuybfRUesKKMVRiIBpDLt2Q==",
      "requires": {
        "@astronautlabs/bitstream": "^3.0.3"
      }
    },
    "@astronautlabs/bitstream": {
      "version": "3.0.3",
      "resolved": "https://registry.npmjs.org/@astronautlabs/bitstream/-/bitstream-3.0.3.tgz",
      "integrity": "sha512-EhkaR8zrEdhOaGWlkOcIVOitBKQpqYO54DchC8DRHJcldTy7jpMwXBFgnmJMQExUpmRGGhmJJCczv+hwFuT+yw=="
    },
    "@types/node": {
      "version": "17.0.10",
      "resolved": "https://registry.npmjs.org/@types/node/-/node-17.0.10.tgz",
      "integrity": "sha512-S/3xB4KzyFxYGCppyDt68yzBU9ysL88lSdIah4D6cptdcltc4NCPCAMc0+PCpg/lLIyC7IPvj2Z52OJWeIUkog=="
    },
    "rxjs": {
      "version": "7.5.2",
      "resolved": "https://registry.npmjs.org/rxjs/-/rxjs-7.5.2.tgz",
      "integrity": "sha512-PwDt186XaL3QN5qXj/H9DGyHhP3/RYYgZZwqBv9Tv8rsAaiwFH1IsJJlcgD37J7UW5a6O67qX0KWKS3/pu0m4w==",
      "requires": {
        "tslib": "^2.1.0"
      }
    },
    "tslib": {
      "version": "2.3.1",
      "resolved": "https://registry.npmjs.org/tslib/-/tslib-2.3.1.tgz",
      "integrity": "sha512-77EbyPPpMz+FRFRuAFlWMtmgUWGe9UOG2Z25NqCwiIjRhOf5iKGuzSe5P2w1laq+FkRy4p+PCuVkJSGkzTEKVw=="
    }
  }
}
